
Microsoft Visual Studio Solution File, Format Version 12.00
# Visual Studio Version 17
VisualStudioVersion = 17.3.32819.101
MinimumVisualStudioVersion = 10.0.40219.1
Project("{FAE04EC0-301F-11D3-BF4B-00C04F79EFBC}") = "DesktopApplication", "DesktopApplication\DesktopApplication.csproj", "{2FCE8ACE-AB34-47D7-A0AB-86EA7F14993D}"
EndProject
Global
	GlobalSection(SolutionConfigurationPlatforms) = preSolution
		Debug|Any CPU = Debug|Any CPU
		Release|Any CPU = Release|Any CPU
	EndGlobalSection
	GlobalSection(ProjectConfigurationPlatforms) = postSolution
		{2FCE8ACE-AB34-47D7-A0AB-86EA7F14993D}.Debug|Any CPU.ActiveCfg = Debug|Any CPU
		{2FCE8ACE-AB34-47D7-A0AB-86EA7F14993D}.Debug|Any CPU.Build.0 = Debug|Any CPU
		{2FCE8ACE-AB34-47D7-A0AB-86EA7F14993D}.Release|Any CPU.ActiveCfg = Release|Any CPU
		{2FCE8ACE-AB34-47D7-A0AB-86EA7F14993D}.Release|Any CPU.Build.0 = Release|Any CPU
	EndGlobalSection
	GlobalSection(SolutionProperties) = preSolution
		HideSolutionNode = FALSE
	EndGlobalSection
	GlobalSection(ExtensibilityGlobals) = postSolution
		SolutionGuid = {3A0D50B5-34AB-43B5-9F64-9FB49FA913B5}
	EndGlobalSection
EndGlobal
