
Microsoft Visual Studio Solution File, Format Version 12.00
# Visual Studio Version 17
VisualStudioVersion = 17.3.32929.385
MinimumVisualStudioVersion = 10.0.40219.1
Project("{9A19103F-16F7-4668-BE54-9A1E7A4F7556}") = "API", "API\API.csproj", "{73DDE689-F894-4720-9521-E67937BB22EE}"
EndProject
Project("{9A19103F-16F7-4668-BE54-9A1E7A4F7556}") = "Test", "Test\Test.csproj", "{18BD8B5C-20DF-4A14-9801-819B07A6208B}"
EndProject
Project("{9A19103F-16F7-4668-BE54-9A1E7A4F7556}") = "Data", "DatabaseAccess\Data.csproj", "{0E5A27B1-1B3B-4799-9FF3-872D1A3B7E0F}"
EndProject
Global
	GlobalSection(SolutionConfigurationPlatforms) = preSolution
		Debug|Any CPU = Debug|Any CPU
		Release|Any CPU = Release|Any CPU
	EndGlobalSection
	GlobalSection(ProjectConfigurationPlatforms) = postSolution
		{73DDE689-F894-4720-9521-E67937BB22EE}.Debug|Any CPU.ActiveCfg = Debug|Any CPU
		{73DDE689-F894-4720-9521-E67937BB22EE}.Debug|Any CPU.Build.0 = Debug|Any CPU
		{73DDE689-F894-4720-9521-E67937BB22EE}.Release|Any CPU.ActiveCfg = Release|Any CPU
		{73DDE689-F894-4720-9521-E67937BB22EE}.Release|Any CPU.Build.0 = Release|Any CPU
		{18BD8B5C-20DF-4A14-9801-819B07A6208B}.Debug|Any CPU.ActiveCfg = Debug|Any CPU
		{18BD8B5C-20DF-4A14-9801-819B07A6208B}.Debug|Any CPU.Build.0 = Debug|Any CPU
		{18BD8B5C-20DF-4A14-9801-819B07A6208B}.Release|Any CPU.ActiveCfg = Release|Any CPU
		{18BD8B5C-20DF-4A14-9801-819B07A6208B}.Release|Any CPU.Build.0 = Release|Any CPU
		{0E5A27B1-1B3B-4799-9FF3-872D1A3B7E0F}.Debug|Any CPU.ActiveCfg = Debug|Any CPU
		{0E5A27B1-1B3B-4799-9FF3-872D1A3B7E0F}.Debug|Any CPU.Build.0 = Debug|Any CPU
		{0E5A27B1-1B3B-4799-9FF3-872D1A3B7E0F}.Release|Any CPU.ActiveCfg = Release|Any CPU
		{0E5A27B1-1B3B-4799-9FF3-872D1A3B7E0F}.Release|Any CPU.Build.0 = Release|Any CPU
	EndGlobalSection
	GlobalSection(SolutionProperties) = preSolution
		HideSolutionNode = FALSE
	EndGlobalSection
	GlobalSection(ExtensibilityGlobals) = postSolution
		SolutionGuid = {C47C653B-F01E-47AF-9674-9B1AAED0A6C6}
	EndGlobalSection
EndGlobal
